
Microsoft Visual Studio Solution File, Format Version 12.00
# Visual Studio 15
VisualStudioVersion = 15.0.27428.2027
MinimumVisualStudioVersion = 10.0.40219.1
Project("{FAE04EC0-301F-11D3-BF4B-00C04F79EFBC}") = "MyShop.Core", "MyShop.Core\MyShop.Core.csproj", "{C99B1F61-F39F-4655-AB6E-B10082A15F38}"
EndProject
Project("{FAE04EC0-301F-11D3-BF4B-00C04F79EFBC}") = "MySop.Services", "MySop.Services\MySop.Services.csproj", "{501DACCA-FBA2-4B9F-B12B-A75DF6855B60}"
EndProject
Project("{FAE04EC0-301F-11D3-BF4B-00C04F79EFBC}") = "MyShop.DataAccess.SQL", "MyShop.DataAccess.SQL\MyShop.DataAccess.SQL.csproj", "{A8C9E380-0D5F-470E-80C9-7EDADFA27056}"
EndProject
Project("{FAE04EC0-301F-11D3-BF4B-00C04F79EFBC}") = "MySop.DataAccess.InMemorey", "MySop.DataAccess.InMemorey\MySop.DataAccess.InMemorey.csproj", "{4807F1C0-1C04-4972-88F6-3F7917EE1A9F}"
EndProject
Project("{FAE04EC0-301F-11D3-BF4B-00C04F79EFBC}") = "MySop.WebUI", "MySop.WebUI\MySop.WebUI.csproj", "{28A58A91-1E8B-477E-8FA3-EDB5D9ECDF14}"
EndProject
Project("{FAE04EC0-301F-11D3-BF4B-00C04F79EFBC}") = "MySop.WebUI.Tests", "MySop.WebUI.Tests\MySop.WebUI.Tests.csproj", "{15C68B47-DFE1-404D-8DE6-9A28F7D8E0D8}"
EndProject
Global
	GlobalSection(SolutionConfigurationPlatforms) = preSolution
		Debug|Any CPU = Debug|Any CPU
		Release|Any CPU = Release|Any CPU
	EndGlobalSection
	GlobalSection(ProjectConfigurationPlatforms) = postSolution
		{C99B1F61-F39F-4655-AB6E-B10082A15F38}.Debug|Any CPU.ActiveCfg = Debug|Any CPU
		{C99B1F61-F39F-4655-AB6E-B10082A15F38}.Debug|Any CPU.Build.0 = Debug|Any CPU
		{C99B1F61-F39F-4655-AB6E-B10082A15F38}.Release|Any CPU.ActiveCfg = Release|Any CPU
		{C99B1F61-F39F-4655-AB6E-B10082A15F38}.Release|Any CPU.Build.0 = Release|Any CPU
		{501DACCA-FBA2-4B9F-B12B-A75DF6855B60}.Debug|Any CPU.ActiveCfg = Debug|Any CPU
		{501DACCA-FBA2-4B9F-B12B-A75DF6855B60}.Debug|Any CPU.Build.0 = Debug|Any CPU
		{501DACCA-FBA2-4B9F-B12B-A75DF6855B60}.Release|Any CPU.ActiveCfg = Release|Any CPU
		{501DACCA-FBA2-4B9F-B12B-A75DF6855B60}.Release|Any CPU.Build.0 = Release|Any CPU
		{A8C9E380-0D5F-470E-80C9-7EDADFA27056}.Debug|Any CPU.ActiveCfg = Debug|Any CPU
		{A8C9E380-0D5F-470E-80C9-7EDADFA27056}.Debug|Any CPU.Build.0 = Debug|Any CPU
		{A8C9E380-0D5F-470E-80C9-7EDADFA27056}.Release|Any CPU.ActiveCfg = Release|Any CPU
		{A8C9E380-0D5F-470E-80C9-7EDADFA27056}.Release|Any CPU.Build.0 = Release|Any CPU
		{4807F1C0-1C04-4972-88F6-3F7917EE1A9F}.Debug|Any CPU.ActiveCfg = Debug|Any CPU
		{4807F1C0-1C04-4972-88F6-3F7917EE1A9F}.Debug|Any CPU.Build.0 = Debug|Any CPU
		{4807F1C0-1C04-4972-88F6-3F7917EE1A9F}.Release|Any CPU.ActiveCfg = Release|Any CPU
		{4807F1C0-1C04-4972-88F6-3F7917EE1A9F}.Release|Any CPU.Build.0 = Release|Any CPU
		{28A58A91-1E8B-477E-8FA3-EDB5D9ECDF14}.Debug|Any CPU.ActiveCfg = Debug|Any CPU
		{28A58A91-1E8B-477E-8FA3-EDB5D9ECDF14}.Debug|Any CPU.Build.0 = Debug|Any CPU
		{28A58A91-1E8B-477E-8FA3-EDB5D9ECDF14}.Release|Any CPU.ActiveCfg = Release|Any CPU
		{28A58A91-1E8B-477E-8FA3-EDB5D9ECDF14}.Release|Any CPU.Build.0 = Release|Any CPU
		{15C68B47-DFE1-404D-8DE6-9A28F7D8E0D8}.Debug|Any CPU.ActiveCfg = Debug|Any CPU
		{15C68B47-DFE1-404D-8DE6-9A28F7D8E0D8}.Debug|Any CPU.Build.0 = Debug|Any CPU
		{15C68B47-DFE1-404D-8DE6-9A28F7D8E0D8}.Release|Any CPU.ActiveCfg = Release|Any CPU
		{15C68B47-DFE1-404D-8DE6-9A28F7D8E0D8}.Release|Any CPU.Build.0 = Release|Any CPU
	EndGlobalSection
	GlobalSection(SolutionProperties) = preSolution
		HideSolutionNode = FALSE
	EndGlobalSection
	GlobalSection(ExtensibilityGlobals) = postSolution
		SolutionGuid = {E558F888-AD7C-4EE1-894B-F8A7D9C1D7EA}
	EndGlobalSection
EndGlobal
